
Microsoft Visual Studio Solution File, Format Version 12.00
# Visual Studio Version 16
VisualStudioVersion = 16.0.30204.135
MinimumVisualStudioVersion = 10.0.40219.1
Project("{FAE04EC0-301F-11D3-BF4B-00C04F79EFBC}") = "wpf", "wpf\wpf.csproj", "{AEFF4DD3-B0F9-45ED-B6E6-A704289B3977}"
EndProject
Global
	GlobalSection(SolutionConfigurationPlatforms) = preSolution
		Debug|Any CPU = Debug|Any CPU
		Release|Any CPU = Release|Any CPU
	EndGlobalSection
	GlobalSection(ProjectConfigurationPlatforms) = postSolution
		{AEFF4DD3-B0F9-45ED-B6E6-A704289B3977}.Debug|Any CPU.ActiveCfg = Debug|Any CPU
		{AEFF4DD3-B0F9-45ED-B6E6-A704289B3977}.Debug|Any CPU.Build.0 = Debug|Any CPU
		{AEFF4DD3-B0F9-45ED-B6E6-A704289B3977}.Release|Any CPU.ActiveCfg = Release|Any CPU
		{AEFF4DD3-B0F9-45ED-B6E6-A704289B3977}.Release|Any CPU.Build.0 = Release|Any CPU
	EndGlobalSection
	GlobalSection(SolutionProperties) = preSolution
		HideSolutionNode = FALSE
	EndGlobalSection
	GlobalSection(ExtensibilityGlobals) = postSolution
		SolutionGuid = {257EEE60-6DCA-4760-8F89-D4B0E6625B6B}
	EndGlobalSection
EndGlobal
